# This file is automatically @generated by Cargo.
# It is not intended for manual editing.
version = 4

[[package]]
name = "ans"
version = "0.4.0"
source = "registry+https://github.com/rust-lang/crates.io-index"
checksum = "13f6f98c7263c3a0cfc5ae3604487fc4dced56e1a2fe6069fbbcadafc15e726d"

[[package]]
name = "minug-neural-codec"
version = "0.0.0"
dependencies = [
 "ans",
]
